// !$*UTF8*$!
{
	archiveVersion = 1;
	classes = {
	};
	objectVersion = 50;
	objects = {

/* Begin PBXBuildFile section */
		99781BFE225239D600F2FA85 /* GalleryDomain.framework in Frameworks */ = {isa = PBXBuildFile; fileRef = 99781BFD225239D600F2FA85 /* GalleryDomain.framework */; };
		99781BFF225239D600F2FA85 /* GalleryDomain.framework in Embed Frameworks */ = {isa = PBXBuildFile; fileRef = 99781BFD225239D600F2FA85 /* GalleryDomain.framework */; settings = {ATTRIBUTES = (CodeSignOnCopy, RemoveHeadersOnCopy, ); }; };
		99781C01225239D600F2FA85 /* FlickerService.framework in Frameworks */ = {isa = PBXBuildFile; fileRef = 99781C00225239D600F2FA85 /* FlickerService.framework */; };
		99781C02225239D600F2FA85 /* FlickerService.framework in Embed Frameworks */ = {isa = PBXBuildFile; fileRef = 99781C00225239D600F2FA85 /* FlickerService.framework */; settings = {ATTRIBUTES = (CodeSignOnCopy, RemoveHeadersOnCopy, ); }; };
		99842F18224CE49C006C7D9F /* Gallery.storyboard in Resources */ = {isa = PBXBuildFile; fileRef = 99842F17224CE49C006C7D9F /* Gallery.storyboard */; };
		99AFD7CE224A58D000C377F0 /* TicketOffice.storyboard in Resources */ = {isa = PBXBuildFile; fileRef = 99AFD7CD224A58D000C377F0 /* TicketOffice.storyboard */; };
		99B9297E224A349200295D18 /* AppDelegate.swift in Sources */ = {isa = PBXBuildFile; fileRef = 99B9297D224A349200295D18 /* AppDelegate.swift */; };
		99B92980224A349200295D18 /* TicketOfficeVC.swift in Sources */ = {isa = PBXBuildFile; fileRef = 99B9297F224A349200295D18 /* TicketOfficeVC.swift */; };
		99B92985224A349500295D18 /* Assets.xcassets in Resources */ = {isa = PBXBuildFile; fileRef = 99B92984224A349500295D18 /* Assets.xcassets */; };
		99B92988224A349500295D18 /* LaunchScreen.storyboard in Resources */ = {isa = PBXBuildFile; fileRef = 99B92986224A349500295D18 /* LaunchScreen.storyboard */; };
		99D26342224BB85300B94330 /* Pods_FlickrGallery.framework in Frameworks */ = {isa = PBXBuildFile; fileRef = E32B76A8BA6888A858CAA424 /* Pods_FlickrGallery.framework */; };
		99D26347224CE45200B94330 /* GalleryVC.swift in Sources */ = {isa = PBXBuildFile; fileRef = 99D26346224CE45200B94330 /* GalleryVC.swift */; };
		99DDEC8C224B986F0090D535 /* CompositionRoot.swift in Sources */ = {isa = PBXBuildFile; fileRef = 99DDEC8B224B986F0090D535 /* CompositionRoot.swift */; };
/* End PBXBuildFile section */

/* Begin PBXCopyFilesBuildPhase section */
		99781C03225239D600F2FA85 /* Embed Frameworks */ = {
			isa = PBXCopyFilesBuildPhase;
			buildActionMask = 2147483647;
			dstPath = "";
			dstSubfolderSpec = 10;
			files = (
				99781BFF225239D600F2FA85 /* GalleryDomain.framework in Embed Frameworks */,
				99781C02225239D600F2FA85 /* FlickerService.framework in Embed Frameworks */,
			);
			name = "Embed Frameworks";
			runOnlyForDeploymentPostprocessing = 0;
		};
/* End PBXCopyFilesBuildPhase section */

/* Begin PBXFileReference section */
		09EB267A135A78E3DDAAA32A /* Pods-FlickrGallery.debug.xcconfig */ = {isa = PBXFileReference; includeInIndex = 1; lastKnownFileType = text.xcconfig; name = "Pods-FlickrGallery.debug.xcconfig"; path = "Target Support Files/Pods-FlickrGallery/Pods-FlickrGallery.debug.xcconfig"; sourceTree = "<group>"; };
		561A6843E1D7877A01A1BF66 /* Pods-FlickrGallery.release.xcconfig */ = {isa = PBXFileReference; includeInIndex = 1; lastKnownFileType = text.xcconfig; name = "Pods-FlickrGallery.release.xcconfig"; path = "Target Support Files/Pods-FlickrGallery/Pods-FlickrGallery.release.xcconfig"; sourceTree = "<group>"; };
		99781BFD225239D600F2FA85 /* GalleryDomain.framework */ = {isa = PBXFileReference; explicitFileType = wrapper.framework; path = GalleryDomain.framework; sourceTree = BUILT_PRODUCTS_DIR; };
		99781C00225239D600F2FA85 /* FlickerService.framework */ = {isa = PBXFileReference; explicitFileType = wrapper.framework; path = FlickerService.framework; sourceTree = BUILT_PRODUCTS_DIR; };
		99842F17224CE49C006C7D9F /* Gallery.storyboard */ = {isa = PBXFileReference; lastKnownFileType = file.storyboard; path = Gallery.storyboard; sourceTree = "<group>"; };
		99AFD7CD224A58D000C377F0 /* TicketOffice.storyboard */ = {isa = PBXFileReference; lastKnownFileType = file.storyboard; path = TicketOffice.storyboard; sourceTree = "<group>"; };
		99B9297A224A349200295D18 /* FlickrGallery.app */ = {isa = PBXFileReference; explicitFileType = wrapper.application; includeInIndex = 0; path = FlickrGallery.app; sourceTree = BUILT_PRODUCTS_DIR; };
		99B9297D224A349200295D18 /* AppDelegate.swift */ = {isa = PBXFileReference; lastKnownFileType = sourcecode.swift; path = AppDelegate.swift; sourceTree = "<group>"; };
		99B9297F224A349200295D18 /* TicketOfficeVC.swift */ = {isa = PBXFileReference; lastKnownFileType = sourcecode.swift; path = TicketOfficeVC.swift; sourceTree = "<group>"; };
		99B92984224A349500295D18 /* Assets.xcassets */ = {isa = PBXFileReference; lastKnownFileType = folder.assetcatalog; path = Assets.xcassets; sourceTree = "<group>"; };
		99B92987224A349500295D18 /* Base */ = {isa = PBXFileReference; lastKnownFileType = file.storyboard; name = Base; path = Base.lproj/LaunchScreen.storyboard; sourceTree = "<group>"; };
		99B92989224A349500295D18 /* Info.plist */ = {isa = PBXFileReference; lastKnownFileType = text.plist.xml; path = Info.plist; sourceTree = "<group>"; };
		99D26346224CE45200B94330 /* GalleryVC.swift */ = {isa = PBXFileReference; lastKnownFileType = sourcecode.swift; path = GalleryVC.swift; sourceTree = "<group>"; };
		99DDEC8B224B986F0090D535 /* CompositionRoot.swift */ = {isa = PBXFileReference; lastKnownFileType = sourcecode.swift; path = CompositionRoot.swift; sourceTree = "<group>"; };
		E32B76A8BA6888A858CAA424 /* Pods_FlickrGallery.framework */ = {isa = PBXFileReference; explicitFileType = wrapper.framework; includeInIndex = 0; path = Pods_FlickrGallery.framework; sourceTree = BUILT_PRODUCTS_DIR; };
/* End PBXFileReference section */

/* Begin PBXFrameworksBuildPhase section */
		99B92977224A349200295D18 /* Frameworks */ = {
			isa = PBXFrameworksBuildPhase;
			buildActionMask = 2147483647;
			files = (
				99D26342224BB85300B94330 /* Pods_FlickrGallery.framework in Frameworks */,
				99781BFE225239D600F2FA85 /* GalleryDomain.framework in Frameworks */,
				99781C01225239D600F2FA85 /* FlickerService.framework in Frameworks */,
			);
			runOnlyForDeploymentPostprocessing = 0;
		};
/* End PBXFrameworksBuildPhase section */

/* Begin PBXGroup section */
		7A87EA60BA4A27C8D7C98C81 /* Pods */ = {
			isa = PBXGroup;
			children = (
				09EB267A135A78E3DDAAA32A /* Pods-FlickrGallery.debug.xcconfig */,
				561A6843E1D7877A01A1BF66 /* Pods-FlickrGallery.release.xcconfig */,
			);
			path = Pods;
			sourceTree = "<group>";
		};
		99AFD7CA224A586500C377F0 /* TicketOffice */ = {
			isa = PBXGroup;
			children = (
				99AFD7CD224A58D000C377F0 /* TicketOffice.storyboard */,
				99B9297F224A349200295D18 /* TicketOfficeVC.swift */,
			);
			path = TicketOffice;
			sourceTree = "<group>";
		};
		99B92971224A349200295D18 = {
			isa = PBXGroup;
			children = (
				99781C00225239D600F2FA85 /* FlickerService.framework */,
				99781BFD225239D600F2FA85 /* GalleryDomain.framework */,
				99B9297C224A349200295D18 /* FlickrGallery */,
				99B9297B224A349200295D18 /* Products */,
				7A87EA60BA4A27C8D7C98C81 /* Pods */,
				E73C50E26DE56B1199EED956 /* Frameworks */,
			);
			sourceTree = "<group>";
		};
		99B9297B224A349200295D18 /* Products */ = {
			isa = PBXGroup;
			children = (
				99B9297A224A349200295D18 /* FlickrGallery.app */,
			);
			name = Products;
			sourceTree = "<group>";
		};
		99B9297C224A349200295D18 /* FlickrGallery */ = {
			isa = PBXGroup;
			children = (
				99AFD7CA224A586500C377F0 /* TicketOffice */,
				99D26343224CE3EF00B94330 /* Gallery */,
				99B92994224A363F00295D18 /* Supporting Files */,
				99B92984224A349500295D18 /* Assets.xcassets */,
				99B92986224A349500295D18 /* LaunchScreen.storyboard */,
				99B92989224A349500295D18 /* Info.plist */,
			);
			path = FlickrGallery;
			sourceTree = "<group>";
		};
		99B92994224A363F00295D18 /* Supporting Files */ = {
			isa = PBXGroup;
			children = (
				99DDEC8B224B986F0090D535 /* CompositionRoot.swift */,
				99B9297D224A349200295D18 /* AppDelegate.swift */,
			);
			path = "Supporting Files";
			sourceTree = "<group>";
		};
		99D26343224CE3EF00B94330 /* Gallery */ = {
			isa = PBXGroup;
			children = (
				99842F17224CE49C006C7D9F /* Gallery.storyboard */,
				99D26346224CE45200B94330 /* GalleryVC.swift */,
			);
			path = Gallery;
			sourceTree = "<group>";
		};
		E73C50E26DE56B1199EED956 /* Frameworks */ = {
			isa = PBXGroup;
			children = (
				E32B76A8BA6888A858CAA424 /* Pods_FlickrGallery.framework */,
			);
			name = Frameworks;
			sourceTree = "<group>";
		};
/* End PBXGroup section */

/* Begin PBXNativeTarget section */
		99B92979224A349200295D18 /* FlickrGallery */ = {
			isa = PBXNativeTarget;
			buildConfigurationList = 99B9298C224A349500295D18 /* Build configuration list for PBXNativeTarget "FlickrGallery" */;
			buildPhases = (
				69FE2B6605D731A9C245178D /* [CP] Check Pods Manifest.lock */,
				99B92976224A349200295D18 /* Sources */,
				99B92977224A349200295D18 /* Frameworks */,
				99B92978224A349200295D18 /* Resources */,
				99AFD79E224A464A00C377F0 /* ShellScript */,
				424CA7177927460A6CB8C94B /* [CP] Embed Pods Frameworks */,
				99781C03225239D600F2FA85 /* Embed Frameworks */,
			);
			buildRules = (
			);
			dependencies = (
			);
			name = FlickrGallery;
			productName = FlickrGallery;
			productReference = 99B9297A224A349200295D18 /* FlickrGallery.app */;
			productType = "com.apple.product-type.application";
		};
/* End PBXNativeTarget section */

/* Begin PBXProject section */
		99B92972224A349200295D18 /* Project object */ = {
			isa = PBXProject;
			attributes = {
				LastSwiftUpdateCheck = 1010;
				LastUpgradeCheck = 1010;
				ORGANIZATIONNAME = gonini;
				TargetAttributes = {
					99B92979224A349200295D18 = {
						CreatedOnToolsVersion = 10.1;
					};
				};
			};
			buildConfigurationList = 99B92975224A349200295D18 /* Build configuration list for PBXProject "FlickrGallery" */;
			compatibilityVersion = "Xcode 9.3";
			developmentRegion = en;
			hasScannedForEncodings = 0;
			knownRegions = (
				en,
				Base,
			);
			mainGroup = 99B92971224A349200295D18;
			productRefGroup = 99B9297B224A349200295D18 /* Products */;
			projectDirPath = "";
			projectRoot = "";
			targets = (
				99B92979224A349200295D18 /* FlickrGallery */,
			);
		};
/* End PBXProject section */

/* Begin PBXResourcesBuildPhase section */
		99B92978224A349200295D18 /* Resources */ = {
			isa = PBXResourcesBuildPhase;
			buildActionMask = 2147483647;
			files = (
				99B92988224A349500295D18 /* LaunchScreen.storyboard in Resources */,
				99842F18224CE49C006C7D9F /* Gallery.storyboard in Resources */,
				99B92985224A349500295D18 /* Assets.xcassets in Resources */,
				99AFD7CE224A58D000C377F0 /* TicketOffice.storyboard in Resources */,
			);
			runOnlyForDeploymentPostprocessing = 0;
		};
/* End PBXResourcesBuildPhase section */

/* Begin PBXShellScriptBuildPhase section */
		424CA7177927460A6CB8C94B /* [CP] Embed Pods Frameworks */ = {
			isa = PBXShellScriptBuildPhase;
			buildActionMask = 2147483647;
			files = (
			);
			inputFileListPaths = (
			);
			inputPaths = (
				"${PODS_ROOT}/Target Support Files/Pods-FlickrGallery/Pods-FlickrGallery-frameworks.sh",
				"${BUILT_PRODUCTS_DIR}/Alamofire/Alamofire.framework",
				"${BUILT_PRODUCTS_DIR}/ObjectMapper/ObjectMapper.framework",
				"${BUILT_PRODUCTS_DIR}/ReactorKit/ReactorKit.framework",
				"${BUILT_PRODUCTS_DIR}/RxAlamofire/RxAlamofire.framework",
				"${BUILT_PRODUCTS_DIR}/RxAtomic/RxAtomic.framework",
				"${BUILT_PRODUCTS_DIR}/RxCocoa/RxCocoa.framework",
				"${BUILT_PRODUCTS_DIR}/RxSwift/RxSwift.framework",
				"${BUILT_PRODUCTS_DIR}/RxViewController/RxViewController.framework",
				"${BUILT_PRODUCTS_DIR}/Swinject/Swinject.framework",
				"${BUILT_PRODUCTS_DIR}/SwinjectStoryboard/SwinjectStoryboard.framework",
			);
			name = "[CP] Embed Pods Frameworks";
			outputFileListPaths = (
			);
			outputPaths = (
				"${TARGET_BUILD_DIR}/${FRAMEWORKS_FOLDER_PATH}/Alamofire.framework",
				"${TARGET_BUILD_DIR}/${FRAMEWORKS_FOLDER_PATH}/ObjectMapper.framework",
				"${TARGET_BUILD_DIR}/${FRAMEWORKS_FOLDER_PATH}/ReactorKit.framework",
				"${TARGET_BUILD_DIR}/${FRAMEWORKS_FOLDER_PATH}/RxAlamofire.framework",
				"${TARGET_BUILD_DIR}/${FRAMEWORKS_FOLDER_PATH}/RxAtomic.framework",
				"${TARGET_BUILD_DIR}/${FRAMEWORKS_FOLDER_PATH}/RxCocoa.framework",
				"${TARGET_BUILD_DIR}/${FRAMEWORKS_FOLDER_PATH}/RxSwift.framework",
				"${TARGET_BUILD_DIR}/${FRAMEWORKS_FOLDER_PATH}/RxViewController.framework",
				"${TARGET_BUILD_DIR}/${FRAMEWORKS_FOLDER_PATH}/Swinject.framework",
				"${TARGET_BUILD_DIR}/${FRAMEWORKS_FOLDER_PATH}/SwinjectStoryboard.framework",
			);
			runOnlyForDeploymentPostprocessing = 0;
			shellPath = /bin/sh;
			shellScript = "\"${PODS_ROOT}/Target Support Files/Pods-FlickrGallery/Pods-FlickrGallery-frameworks.sh\"\n";
			showEnvVarsInLog = 0;
		};
		69FE2B6605D731A9C245178D /* [CP] Check Pods Manifest.lock */ = {
			isa = PBXShellScriptBuildPhase;
			buildActionMask = 2147483647;
			files = (
			);
			inputFileListPaths = (
			);
			inputPaths = (
				"${PODS_PODFILE_DIR_PATH}/Podfile.lock",
				"${PODS_ROOT}/Manifest.lock",
			);
			name = "[CP] Check Pods Manifest.lock";
			outputFileListPaths = (
			);
			outputPaths = (
				"$(DERIVED_FILE_DIR)/Pods-FlickrGallery-checkManifestLockResult.txt",
			);
			runOnlyForDeploymentPostprocessing = 0;
			shellPath = /bin/sh;
			shellScript = "diff \"${PODS_PODFILE_DIR_PATH}/Podfile.lock\" \"${PODS_ROOT}/Manifest.lock\" > /dev/null\nif [ $? != 0 ] ; then\n    # print error to STDERR\n    echo \"error: The sandbox is not in sync with the Podfile.lock. Run 'pod install' or update your CocoaPods installation.\" >&2\n    exit 1\nfi\n# This output is used by Xcode 'outputs' to avoid re-running this script phase.\necho \"SUCCESS\" > \"${SCRIPT_OUTPUT_FILE_0}\"\n";
			showEnvVarsInLog = 0;
		};
		99AFD79E224A464A00C377F0 /* ShellScript */ = {
			isa = PBXShellScriptBuildPhase;
			buildActionMask = 2147483647;
			files = (
			);
			inputFileListPaths = (
			);
			inputPaths = (
			);
			outputFileListPaths = (
			);
			outputPaths = (
			);
			runOnlyForDeploymentPostprocessing = 0;
			shellPath = /bin/sh;
			shellScript = "${PODS_ROOT}/SwiftLint/swiftlint\n";
		};
/* End PBXShellScriptBuildPhase section */

/* Begin PBXSourcesBuildPhase section */
		99B92976224A349200295D18 /* Sources */ = {
			isa = PBXSourcesBuildPhase;
			buildActionMask = 2147483647;
			files = (
				99B92980224A349200295D18 /* TicketOfficeVC.swift in Sources */,
				99DDEC8C224B986F0090D535 /* CompositionRoot.swift in Sources */,
				99B9297E224A349200295D18 /* AppDelegate.swift in Sources */,
				99D26347224CE45200B94330 /* GalleryVC.swift in Sources */,
			);
			runOnlyForDeploymentPostprocessing = 0;
		};
/* End PBXSourcesBuildPhase section */

/* Begin PBXVariantGroup section */
		99B92986224A349500295D18 /* LaunchScreen.storyboard */ = {
			isa = PBXVariantGroup;
			children = (
				99B92987224A349500295D18 /* Base */,
			);
			name = LaunchScreen.storyboard;
			sourceTree = "<group>";
		};
/* End PBXVariantGroup section */

/* Begin XCBuildConfiguration section */
		99B9298A224A349500295D18 /* Debug */ = {
			isa = XCBuildConfiguration;
			buildSettings = {
				ALWAYS_SEARCH_USER_PATHS = NO;
				CLANG_ANALYZER_NONNULL = YES;
				CLANG_ANALYZER_NUMBER_OBJECT_CONVERSION = YES_AGGRESSIVE;
				CLANG_CXX_LANGUAGE_STANDARD = "gnu++14";
				CLANG_CXX_LIBRARY = "libc++";
				CLANG_ENABLE_MODULES = YES;
				CLANG_ENABLE_OBJC_ARC = YES;
				CLANG_ENABLE_OBJC_WEAK = YES;
				CLANG_WARN_BLOCK_CAPTURE_AUTORELEASING = YES;
				CLANG_WARN_BOOL_CONVERSION = YES;
				CLANG_WARN_COMMA = YES;
				CLANG_WARN_CONSTANT_CONVERSION = YES;
				CLANG_WARN_DEPRECATED_OBJC_IMPLEMENTATIONS = YES;
				CLANG_WARN_DIRECT_OBJC_ISA_USAGE = YES_ERROR;
				CLANG_WARN_DOCUMENTATION_COMMENTS = YES;
				CLANG_WARN_EMPTY_BODY = YES;
				CLANG_WARN_ENUM_CONVERSION = YES;
				CLANG_WARN_INFINITE_RECURSION = YES;
				CLANG_WARN_INT_CONVERSION = YES;
				CLANG_WARN_NON_LITERAL_NULL_CONVERSION = YES;
				CLANG_WARN_OBJC_IMPLICIT_RETAIN_SELF = YES;
				CLANG_WARN_OBJC_LITERAL_CONVERSION = YES;
				CLANG_WARN_OBJC_ROOT_CLASS = YES_ERROR;
				CLANG_WARN_RANGE_LOOP_ANALYSIS = YES;
				CLANG_WARN_STRICT_PROTOTYPES = YES;
				CLANG_WARN_SUSPICIOUS_MOVE = YES;
				CLANG_WARN_UNGUARDED_AVAILABILITY = YES_AGGRESSIVE;
				CLANG_WARN_UNREACHABLE_CODE = YES;
				CLANG_WARN__DUPLICATE_METHOD_MATCH = YES;
				CODE_SIGN_IDENTITY = "iPhone Developer";
				COPY_PHASE_STRIP = NO;
				DEBUG_INFORMATION_FORMAT = dwarf;
				ENABLE_STRICT_OBJC_MSGSEND = YES;
				ENABLE_TESTABILITY = YES;
				GCC_C_LANGUAGE_STANDARD = gnu11;
				GCC_DYNAMIC_NO_PIC = NO;
				GCC_NO_COMMON_BLOCKS = YES;
				GCC_OPTIMIZATION_LEVEL = 0;
				GCC_PREPROCESSOR_DEFINITIONS = (
					"DEBUG=1",
					"$(inherited)",
				);
				GCC_WARN_64_TO_32_BIT_CONVERSION = YES;
				GCC_WARN_ABOUT_RETURN_TYPE = YES_ERROR;
				GCC_WARN_UNDECLARED_SELECTOR = YES;
				GCC_WARN_UNINITIALIZED_AUTOS = YES_AGGRESSIVE;
				GCC_WARN_UNUSED_FUNCTION = YES;
				GCC_WARN_UNUSED_VARIABLE = YES;
				IPHONEOS_DEPLOYMENT_TARGET = 12.1;
				MTL_ENABLE_DEBUG_INFO = INCLUDE_SOURCE;
				MTL_FAST_MATH = YES;
				ONLY_ACTIVE_ARCH = YES;
				SDKROOT = iphoneos;
				SWIFT_ACTIVE_COMPILATION_CONDITIONS = DEBUG;
				SWIFT_OPTIMIZATION_LEVEL = "-Onone";
			};
			name = Debug;
		};
		99B9298B224A349500295D18 /* Release */ = {
			isa = XCBuildConfiguration;
			buildSettings = {
				ALWAYS_SEARCH_USER_PATHS = NO;
				CLANG_ANALYZER_NONNULL = YES;
				CLANG_ANALYZER_NUMBER_OBJECT_CONVERSION = YES_AGGRESSIVE;
				CLANG_CXX_LANGUAGE_STANDARD = "gnu++14";
				CLANG_CXX_LIBRARY = "libc++";
				CLANG_ENABLE_MODULES = YES;
				CLANG_ENABLE_OBJC_ARC = YES;
				CLANG_ENABLE_OBJC_WEAK = YES;
				CLANG_WARN_BLOCK_CAPTURE_AUTORELEASING = YES;
				CLANG_WARN_BOOL_CONVERSION = YES;
				CLANG_WARN_COMMA = YES;
				CLANG_WARN_CONSTANT_CONVERSION = YES;
				CLANG_WARN_DEPRECATED_OBJC_IMPLEMENTATIONS = YES;
				CLANG_WARN_DIRECT_OBJC_ISA_USAGE = YES_ERROR;
				CLANG_WARN_DOCUMENTATION_COMMENTS = YES;
				CLANG_WARN_EMPTY_BODY = YES;
				CLANG_WARN_ENUM_CONVERSION = YES;
				CLANG_WARN_INFINITE_RECURSION = YES;
				CLANG_WARN_INT_CONVERSION = YES;
				CLANG_WARN_NON_LITERAL_NULL_CONVERSION = YES;
				CLANG_WARN_OBJC_IMPLICIT_RETAIN_SELF = YES;
				CLANG_WARN_OBJC_LITERAL_CONVERSION = YES;
				CLANG_WARN_OBJC_ROOT_CLASS = YES_ERROR;
				CLANG_WARN_RANGE_LOOP_ANALYSIS = YES;
				CLANG_WARN_STRICT_PROTOTYPES = YES;
				CLANG_WARN_SUSPICIOUS_MOVE = YES;
				CLANG_WARN_UNGUARDED_AVAILABILITY = YES_AGGRESSIVE;
				CLANG_WARN_UNREACHABLE_CODE = YES;
				CLANG_WARN__DUPLICATE_METHOD_MATCH = YES;
				CODE_SIGN_IDENTITY = "iPhone Developer";
				COPY_PHASE_STRIP = NO;
				DEBUG_INFORMATION_FORMAT = "dwarf-with-dsym";
				ENABLE_NS_ASSERTIONS = NO;
				ENABLE_STRICT_OBJC_MSGSEND = YES;
				GCC_C_LANGUAGE_STANDARD = gnu11;
				GCC_NO_COMMON_BLOCKS = YES;
				GCC_WARN_64_TO_32_BIT_CONVERSION = YES;
				GCC_WARN_ABOUT_RETURN_TYPE = YES_ERROR;
				GCC_WARN_UNDECLARED_SELECTOR = YES;
				GCC_WARN_UNINITIALIZED_AUTOS = YES_AGGRESSIVE;
				GCC_WARN_UNUSED_FUNCTION = YES;
				GCC_WARN_UNUSED_VARIABLE = YES;
				IPHONEOS_DEPLOYMENT_TARGET = 12.1;
				MTL_ENABLE_DEBUG_INFO = NO;
				MTL_FAST_MATH = YES;
				SDKROOT = iphoneos;
				SWIFT_COMPILATION_MODE = wholemodule;
				SWIFT_OPTIMIZATION_LEVEL = "-O";
				VALIDATE_PRODUCT = YES;
			};
			name = Release;
		};
		99B9298D224A349500295D18 /* Debug */ = {
			isa = XCBuildConfiguration;
			baseConfigurationReference = 09EB267A135A78E3DDAAA32A /* Pods-FlickrGallery.debug.xcconfig */;
			buildSettings = {
				ASSETCATALOG_COMPILER_APPICON_NAME = AppIcon;
				CODE_SIGN_STYLE = Automatic;
				DEVELOPMENT_TEAM = 5ELQH5H3HB;
				INFOPLIST_FILE = FlickrGallery/Info.plist;
				IPHONEOS_DEPLOYMENT_TARGET = 10.0;
				LD_RUNPATH_SEARCH_PATHS = (
					"$(inherited)",
					"@executable_path/Frameworks",
				);
				PRODUCT_BUNDLE_IDENTIFIER = gonini.FlickrGallery;
				PRODUCT_NAME = "$(TARGET_NAME)";
				SWIFT_VERSION = 4.2;
				TARGETED_DEVICE_FAMILY = "1,2";
			};
			name = Debug;
		};
		99B9298E224A349500295D18 /* Release */ = {
			isa = XCBuildConfiguration;
			baseConfigurationReference = 561A6843E1D7877A01A1BF66 /* Pods-FlickrGallery.release.xcconfig */;
			buildSettings = {
				ASSETCATALOG_COMPILER_APPICON_NAME = AppIcon;
				CODE_SIGN_STYLE = Automatic;
				DEVELOPMENT_TEAM = 5ELQH5H3HB;
				INFOPLIST_FILE = FlickrGallery/Info.plist;
				IPHONEOS_DEPLOYMENT_TARGET = 10.0;
				LD_RUNPATH_SEARCH_PATHS = (
					"$(inherited)",
					"@executable_path/Frameworks",
				);
				PRODUCT_BUNDLE_IDENTIFIER = gonini.FlickrGallery;
				PRODUCT_NAME = "$(TARGET_NAME)";
				SWIFT_VERSION = 4.2;
				TARGETED_DEVICE_FAMILY = "1,2";
			};
			name = Release;
		};
/* End XCBuildConfiguration section */

/* Begin XCConfigurationList section */
		99B92975224A349200295D18 /* Build configuration list for PBXProject "FlickrGallery" */ = {
			isa = XCConfigurationList;
			buildConfigurations = (
				99B9298A224A349500295D18 /* Debug */,
				99B9298B224A349500295D18 /* Release */,
			);
			defaultConfigurationIsVisible = 0;
			defaultConfigurationName = Release;
		};
		99B9298C224A349500295D18 /* Build configuration list for PBXNativeTarget "FlickrGallery" */ = {
			isa = XCConfigurationList;
			buildConfigurations = (
				99B9298D224A349500295D18 /* Debug */,
				99B9298E224A349500295D18 /* Release */,
			);
			defaultConfigurationIsVisible = 0;
			defaultConfigurationName = Release;
		};
/* End XCConfigurationList section */
	};
	rootObject = 99B92972224A349200295D18 /* Project object */;
}
